{
  "originHash" : "5a8e87d5fb84781496cb81f74d4e004cc40f3ce65c13b15f4a538084ebe3abb2",
  "pins" : [
    {
      "identity" : "aetherengine",
      "kind" : "remoteSourceControl",
      "location" : "https://github.com/superuser404notfound/AetherEngine",
      "state" : {
        "revision" : "f74dd2412849cc95bcc843fec6d1bb5c333ff0e2",
        "version" : "6.5.6"
      }
    },
    {
      "identity" : "ffmpegbuild",
      "kind" : "remoteSourceControl",
      "location" : "https://github.com/superuser404notfound/FFmpegBuild",
      "state" : {
        "revision" : "87a5655979b9d6fa9f4b8db69e0a7e8df9075639",
        "version" : "2.4.0"
      }
    },
    {
      "identity" : "libass-build",
      "kind" : "remoteSourceControl",
      "location" : "https://github.com/mpvkit/libass-build",
      "state" : {
        "revision" : "e08eb5bb3be5137e845f781dc9477d1843f23261",
        "version" : "0.17.5"
      }
    },
    {
      "identity" : "libdovi",
      "kind" : "remoteSourceControl",
      "location" : "https://github.com/superuser404notfound/LibDovi",
      "state" : {
        "revision" : "89be93431c2a5f2e54fb77e93059071b8d2ddb3a",
        "version" : "2.0.0"
      }
    },
    {
      "identity" : "smbclient",
      "kind" : "remoteSourceControl",
      "location" : "https://github.com/kishikawakatsumi/SMBClient",
      "state" : {
        "revision" : "e636c2b2458930770932a36d311ec9d478575b90",
        "version" : "0.3.1"
      }
    }
  ],
  "version" : 3
}
