PODS:
  - flutter_secure_storage_tvos (0.0.1)
  - flutter_tvos (1.1.0)
  - path_provider_tvos (0.0.1)
  - shared_preferences_tvos (0.0.1)
  - sqflite_tvos (0.0.1)

DEPENDENCIES:
  - flutter_secure_storage_tvos (from `/Users/radmuffin/.pub-cache/hosted/pub.dev/flutter_secure_storage_tvos-0.0.1/tvos`)
  - flutter_tvos (from `/Users/radmuffin/.pub-cache/hosted/pub.dev/flutter_tvos-1.1.2/tvos`)
  - path_provider_tvos (from `/Users/radmuffin/.pub-cache/hosted/pub.dev/path_provider_tvos-0.0.1/tvos`)
  - shared_preferences_tvos (from `/Users/radmuffin/.pub-cache/hosted/pub.dev/shared_preferences_tvos-0.0.1/tvos`)
  - sqflite_tvos (from `/Users/radmuffin/.pub-cache/hosted/pub.dev/sqflite_tvos-0.0.1/tvos`)

EXTERNAL SOURCES:
  flutter_secure_storage_tvos:
    :path: "/Users/radmuffin/.pub-cache/hosted/pub.dev/flutter_secure_storage_tvos-0.0.1/tvos"
  flutter_tvos:
    :path: "/Users/radmuffin/.pub-cache/hosted/pub.dev/flutter_tvos-1.1.2/tvos"
  path_provider_tvos:
    :path: "/Users/radmuffin/.pub-cache/hosted/pub.dev/path_provider_tvos-0.0.1/tvos"
  shared_preferences_tvos:
    :path: "/Users/radmuffin/.pub-cache/hosted/pub.dev/shared_preferences_tvos-0.0.1/tvos"
  sqflite_tvos:
    :path: "/Users/radmuffin/.pub-cache/hosted/pub.dev/sqflite_tvos-0.0.1/tvos"

SPEC CHECKSUMS:
  flutter_secure_storage_tvos: e3bffb69866f2bab19b08491e0d371749db0b09a
  flutter_tvos: 41fcb764eb0d5a046553145ecd96a9045cc8ecdd
  path_provider_tvos: bc43ac034b42c0993ceddbc5c60e4a651ad2d02f
  shared_preferences_tvos: 6a2eea1a0bc1f35a5dc1225f2b7c1566a3eddd00
  sqflite_tvos: c473ff0295bc0c18f416393eed404091eb1598a5

PODFILE CHECKSUM: 1339db63e74dcaf35092f849a88619f65b55e587

COCOAPODS: 1.16.2
